
Microsoft Visual Studio Solution File, Format Version 12.00
# Visual Studio Version 16
VisualStudioVersion = 16.0.31005.135
MinimumVisualStudioVersion = 10.0.40219.1
Project("{FAE04EC0-301F-11D3-BF4B-00C04F79EFBC}") = "Assignment4", "Assignment4\Assignment4.csproj", "{720735EB-C01A-4473-8812-0ACDD12D0CED}"
EndProject
Project("{FAE04EC0-301F-11D3-BF4B-00C04F79EFBC}") = "BubbleSortExperiments", "BubbleSortExperiments\BubbleSortExperiments.csproj", "{EF3EBEDA-CD3C-4013-8888-1D03C42B0475}"
EndProject
Project("{FAE04EC0-301F-11D3-BF4B-00C04F79EFBC}") = "Structs", "Structs\Structs.csproj", "{58DF2D74-B232-4B62-B739-9BDB5D99E737}"
EndProject
Project("{FAE04EC0-301F-11D3-BF4B-00C04F79EFBC}") = "QuickSortExperiment", "QuickSortExperiment\QuickSortExperiment.csproj", "{AEBEECB3-35AB-44CD-9FDD-8B400B642D34}"
EndProject
Project("{FAE04EC0-301F-11D3-BF4B-00C04F79EFBC}") = "BucketSortExperiments", "BucketSortExperiments\BucketSortExperiments.csproj", "{EC359CA9-2A5B-4317-81D5-C50BE4E1FAA9}"
EndProject
Global
	GlobalSection(SolutionConfigurationPlatforms) = preSolution
		Debug|Any CPU = Debug|Any CPU
		Release|Any CPU = Release|Any CPU
	EndGlobalSection
	GlobalSection(ProjectConfigurationPlatforms) = postSolution
		{720735EB-C01A-4473-8812-0ACDD12D0CED}.Debug|Any CPU.ActiveCfg = Debug|Any CPU
		{720735EB-C01A-4473-8812-0ACDD12D0CED}.Debug|Any CPU.Build.0 = Debug|Any CPU
		{720735EB-C01A-4473-8812-0ACDD12D0CED}.Release|Any CPU.ActiveCfg = Release|Any CPU
		{720735EB-C01A-4473-8812-0ACDD12D0CED}.Release|Any CPU.Build.0 = Release|Any CPU
		{EF3EBEDA-CD3C-4013-8888-1D03C42B0475}.Debug|Any CPU.ActiveCfg = Debug|Any CPU
		{EF3EBEDA-CD3C-4013-8888-1D03C42B0475}.Debug|Any CPU.Build.0 = Debug|Any CPU
		{EF3EBEDA-CD3C-4013-8888-1D03C42B0475}.Release|Any CPU.ActiveCfg = Release|Any CPU
		{EF3EBEDA-CD3C-4013-8888-1D03C42B0475}.Release|Any CPU.Build.0 = Release|Any CPU
		{58DF2D74-B232-4B62-B739-9BDB5D99E737}.Debug|Any CPU.ActiveCfg = Debug|Any CPU
		{58DF2D74-B232-4B62-B739-9BDB5D99E737}.Debug|Any CPU.Build.0 = Debug|Any CPU
		{58DF2D74-B232-4B62-B739-9BDB5D99E737}.Release|Any CPU.ActiveCfg = Release|Any CPU
		{58DF2D74-B232-4B62-B739-9BDB5D99E737}.Release|Any CPU.Build.0 = Release|Any CPU
		{AEBEECB3-35AB-44CD-9FDD-8B400B642D34}.Debug|Any CPU.ActiveCfg = Debug|Any CPU
		{AEBEECB3-35AB-44CD-9FDD-8B400B642D34}.Debug|Any CPU.Build.0 = Debug|Any CPU
		{AEBEECB3-35AB-44CD-9FDD-8B400B642D34}.Release|Any CPU.ActiveCfg = Release|Any CPU
		{AEBEECB3-35AB-44CD-9FDD-8B400B642D34}.Release|Any CPU.Build.0 = Release|Any CPU
		{EC359CA9-2A5B-4317-81D5-C50BE4E1FAA9}.Debug|Any CPU.ActiveCfg = Debug|Any CPU
		{EC359CA9-2A5B-4317-81D5-C50BE4E1FAA9}.Debug|Any CPU.Build.0 = Debug|Any CPU
		{EC359CA9-2A5B-4317-81D5-C50BE4E1FAA9}.Release|Any CPU.ActiveCfg = Release|Any CPU
		{EC359CA9-2A5B-4317-81D5-C50BE4E1FAA9}.Release|Any CPU.Build.0 = Release|Any CPU
	EndGlobalSection
	GlobalSection(SolutionProperties) = preSolution
		HideSolutionNode = FALSE
	EndGlobalSection
	GlobalSection(ExtensibilityGlobals) = postSolution
		SolutionGuid = {8942B361-604C-499E-BD3A-F90A349210E8}
	EndGlobalSection
EndGlobal
